
Microsoft Visual Studio Solution File, Format Version 11.00
# Visual Studio 2010
Project("{FAE04EC0-301F-11D3-BF4B-00C04F79EFBC}") = "3DS Builder", "3DS Builder\3DS Builder.csproj", "{30C773DD-4759-4E5A-BD56-376A80A331FE}"
EndProject
Global
	GlobalSection(SolutionConfigurationPlatforms) = preSolution
		Debug|x86 = Debug|x86
		Release|x86 = Release|x86
	EndGlobalSection
	GlobalSection(ProjectConfigurationPlatforms) = postSolution
		{30C773DD-4759-4E5A-BD56-376A80A331FE}.Debug|x86.ActiveCfg = Release|x86
		{30C773DD-4759-4E5A-BD56-376A80A331FE}.Debug|x86.Build.0 = Release|x86
		{30C773DD-4759-4E5A-BD56-376A80A331FE}.Release|x86.ActiveCfg = Release|x86
		{30C773DD-4759-4E5A-BD56-376A80A331FE}.Release|x86.Build.0 = Release|x86
	EndGlobalSection
	GlobalSection(SolutionProperties) = preSolution
		HideSolutionNode = FALSE
	EndGlobalSection
EndGlobal
